
Microsoft Visual Studio Solution File, Format Version 12.00
# Visual Studio Version 16
VisualStudioVersion = 16.0.29613.14
MinimumVisualStudioVersion = 10.0.40219.1
Project("{9A19103F-16F7-4668-BE54-9A1E7A4F7556}") = "AnimalService", "AnimalService\AnimalService.csproj", "{0F93E15B-FA54-4289-B4FC-42336E86A5F3}"
EndProject
Project("{9A19103F-16F7-4668-BE54-9A1E7A4F7556}") = "MammalAPIGateway", "MammalAPIGateway\MammalAPIGateway.csproj", "{162890D5-D4FB-4FC9-B370-E25C8566BAAC}"
EndProject
Project("{FAE04EC0-301F-11D3-BF4B-00C04F79EFBC}") = "HumanService", "HumanService\HumanService.csproj", "{D25897CC-9D6B-48EA-9A77-72CD14BF0B47}"
EndProject
Global
	GlobalSection(SolutionConfigurationPlatforms) = preSolution
		Debug|Any CPU = Debug|Any CPU
		Release|Any CPU = Release|Any CPU
	EndGlobalSection
	GlobalSection(ProjectConfigurationPlatforms) = postSolution
		{0F93E15B-FA54-4289-B4FC-42336E86A5F3}.Debug|Any CPU.ActiveCfg = Debug|Any CPU
		{0F93E15B-FA54-4289-B4FC-42336E86A5F3}.Debug|Any CPU.Build.0 = Debug|Any CPU
		{0F93E15B-FA54-4289-B4FC-42336E86A5F3}.Release|Any CPU.ActiveCfg = Release|Any CPU
		{0F93E15B-FA54-4289-B4FC-42336E86A5F3}.Release|Any CPU.Build.0 = Release|Any CPU
		{162890D5-D4FB-4FC9-B370-E25C8566BAAC}.Debug|Any CPU.ActiveCfg = Debug|Any CPU
		{162890D5-D4FB-4FC9-B370-E25C8566BAAC}.Debug|Any CPU.Build.0 = Debug|Any CPU
		{162890D5-D4FB-4FC9-B370-E25C8566BAAC}.Release|Any CPU.ActiveCfg = Release|Any CPU
		{162890D5-D4FB-4FC9-B370-E25C8566BAAC}.Release|Any CPU.Build.0 = Release|Any CPU
		{D25897CC-9D6B-48EA-9A77-72CD14BF0B47}.Debug|Any CPU.ActiveCfg = Debug|Any CPU
		{D25897CC-9D6B-48EA-9A77-72CD14BF0B47}.Debug|Any CPU.Build.0 = Debug|Any CPU
		{D25897CC-9D6B-48EA-9A77-72CD14BF0B47}.Release|Any CPU.ActiveCfg = Release|Any CPU
		{D25897CC-9D6B-48EA-9A77-72CD14BF0B47}.Release|Any CPU.Build.0 = Release|Any CPU
	EndGlobalSection
	GlobalSection(SolutionProperties) = preSolution
		HideSolutionNode = FALSE
	EndGlobalSection
	GlobalSection(ExtensibilityGlobals) = postSolution
		SolutionGuid = {984CA9B9-1611-4DD2-80E6-DB3828A24C87}
	EndGlobalSection
EndGlobal
